
Microsoft Visual Studio Solution File, Format Version 12.00
# Visual Studio Version 17
VisualStudioVersion = 17.2.32630.192
MinimumVisualStudioVersion = 10.0.40219.1
Project("{FAE04EC0-301F-11D3-BF4B-00C04F79EFBC}") = "t-t-e", "t-t-e\t-t-e.csproj", "{BE081647-B1C5-47CA-9EDA-3D0318E20ADF}"
EndProject
Global
	GlobalSection(SolutionConfigurationPlatforms) = preSolution
		Debug|Any CPU = Debug|Any CPU
		Release|Any CPU = Release|Any CPU
	EndGlobalSection
	GlobalSection(ProjectConfigurationPlatforms) = postSolution
		{BE081647-B1C5-47CA-9EDA-3D0318E20ADF}.Debug|Any CPU.ActiveCfg = Debug|Any CPU
		{BE081647-B1C5-47CA-9EDA-3D0318E20ADF}.Debug|Any CPU.Build.0 = Debug|Any CPU
		{BE081647-B1C5-47CA-9EDA-3D0318E20ADF}.Release|Any CPU.ActiveCfg = Release|Any CPU
		{BE081647-B1C5-47CA-9EDA-3D0318E20ADF}.Release|Any CPU.Build.0 = Release|Any CPU
	EndGlobalSection
	GlobalSection(SolutionProperties) = preSolution
		HideSolutionNode = FALSE
	EndGlobalSection
	GlobalSection(ExtensibilityGlobals) = postSolution
		SolutionGuid = {2C1CEFB4-E33C-4A2C-8062-C83534EDD058}
	EndGlobalSection
EndGlobal
